// !$*UTF8*$!
{
	archiveVersion = 1;
	classes = {
	};
	objectVersion = 50;
	objects = {

/* Begin PBXBuildFile section */
		0C18F9F02DD89DB709C97D63 /* Pods_ChatterBox.framework in Frameworks */ = {isa = PBXBuildFile; fileRef = 815AE5822D9F45BB19EA55A5 /* Pods_ChatterBox.framework */; };
		15494A742129A44E0068F279 /* SettingsTableViewController.swift in Sources */ = {isa = PBXBuildFile; fileRef = 15494A732129A44E0068F279 /* SettingsTableViewController.swift */; };
		1556589A2134807700C4E109 /* ChatsViewController.swift in Sources */ = {isa = PBXBuildFile; fileRef = 155658992134807700C4E109 /* ChatsViewController.swift */; };
		156217F1211B877A009A1284 /* FinishRegistrationViewController.swift in Sources */ = {isa = PBXBuildFile; fileRef = 156217F0211B877A009A1284 /* FinishRegistrationViewController.swift */; };
		15856711212C9ED30067920F /* UserCell.swift in Sources */ = {isa = PBXBuildFile; fileRef = 15856710212C9ED30067920F /* UserCell.swift */; };
		1599CFAE21318B390053A2BC /* UsersTableViewController.swift in Sources */ = {isa = PBXBuildFile; fileRef = 1599CFAD21318B390053A2BC /* UsersTableViewController.swift */; };
		15AC9338211384E800603A19 /* AppDelegate.swift in Sources */ = {isa = PBXBuildFile; fileRef = 15AC9337211384E800603A19 /* AppDelegate.swift */; };
		15AC933D211384E800603A19 /* Main.storyboard in Resources */ = {isa = PBXBuildFile; fileRef = 15AC933B211384E800603A19 /* Main.storyboard */; };
		15AC933F211384E900603A19 /* Assets.xcassets in Resources */ = {isa = PBXBuildFile; fileRef = 15AC933E211384E900603A19 /* Assets.xcassets */; };
		15AC9342211384E900603A19 /* LaunchScreen.storyboard in Resources */ = {isa = PBXBuildFile; fileRef = 15AC9340211384E900603A19 /* LaunchScreen.storyboard */; };
		15AC934A2113892500603A19 /* WelcomeViewController.swift in Sources */ = {isa = PBXBuildFile; fileRef = 15AC93492113892500603A19 /* WelcomeViewController.swift */; };
		15AC934C2113995400603A19 /* GoogleService-Info.plist in Resources */ = {isa = PBXBuildFile; fileRef = 15AC934B2113995400603A19 /* GoogleService-Info.plist */; };
		15AC935321139DCC00603A19 /* CountryCode.swift in Sources */ = {isa = PBXBuildFile; fileRef = 15AC934D21139DC700603A19 /* CountryCode.swift */; };
		15AC935421139DCC00603A19 /* HelperFunctions.swift in Sources */ = {isa = PBXBuildFile; fileRef = 15AC934E21139DC800603A19 /* HelperFunctions.swift */; };
		15AC935521139DCC00603A19 /* Camera.swift in Sources */ = {isa = PBXBuildFile; fileRef = 15AC934F21139DC800603A19 /* Camera.swift */; };
		15AC935621139DCC00603A19 /* Constants.swift in Sources */ = {isa = PBXBuildFile; fileRef = 15AC935021139DC900603A19 /* Constants.swift */; };
		15AC935721139DCC00603A19 /* FCollectionReference.swift in Sources */ = {isa = PBXBuildFile; fileRef = 15AC935121139DCA00603A19 /* FCollectionReference.swift */; };
		15AC935821139DCC00603A19 /* FUser.swift in Sources */ = {isa = PBXBuildFile; fileRef = 15AC935221139DCB00603A19 /* FUser.swift */; };
/* End PBXBuildFile section */

/* Begin PBXFileReference section */
		15494A732129A44E0068F279 /* SettingsTableViewController.swift */ = {isa = PBXFileReference; lastKnownFileType = sourcecode.swift; path = SettingsTableViewController.swift; sourceTree = "<group>"; };
		155658992134807700C4E109 /* ChatsViewController.swift */ = {isa = PBXFileReference; lastKnownFileType = sourcecode.swift; path = ChatsViewController.swift; sourceTree = "<group>"; };
		156217F0211B877A009A1284 /* FinishRegistrationViewController.swift */ = {isa = PBXFileReference; lastKnownFileType = sourcecode.swift; path = FinishRegistrationViewController.swift; sourceTree = "<group>"; };
		15856710212C9ED30067920F /* UserCell.swift */ = {isa = PBXFileReference; lastKnownFileType = sourcecode.swift; path = UserCell.swift; sourceTree = "<group>"; };
		1599CFAD21318B390053A2BC /* UsersTableViewController.swift */ = {isa = PBXFileReference; lastKnownFileType = sourcecode.swift; path = UsersTableViewController.swift; sourceTree = "<group>"; };
		15AC9334211384E800603A19 /* ChatterBox.app */ = {isa = PBXFileReference; explicitFileType = wrapper.application; includeInIndex = 0; path = ChatterBox.app; sourceTree = BUILT_PRODUCTS_DIR; };
		15AC9337211384E800603A19 /* AppDelegate.swift */ = {isa = PBXFileReference; lastKnownFileType = sourcecode.swift; path = AppDelegate.swift; sourceTree = "<group>"; };
		15AC933C211384E800603A19 /* Base */ = {isa = PBXFileReference; lastKnownFileType = file.storyboard; name = Base; path = Base.lproj/Main.storyboard; sourceTree = "<group>"; };
		15AC933E211384E900603A19 /* Assets.xcassets */ = {isa = PBXFileReference; lastKnownFileType = folder.assetcatalog; path = Assets.xcassets; sourceTree = "<group>"; };
		15AC9341211384E900603A19 /* Base */ = {isa = PBXFileReference; lastKnownFileType = file.storyboard; name = Base; path = Base.lproj/LaunchScreen.storyboard; sourceTree = "<group>"; };
		15AC9343211384E900603A19 /* Info.plist */ = {isa = PBXFileReference; lastKnownFileType = text.plist.xml; path = Info.plist; sourceTree = "<group>"; };
		15AC93492113892500603A19 /* WelcomeViewController.swift */ = {isa = PBXFileReference; lastKnownFileType = sourcecode.swift; path = WelcomeViewController.swift; sourceTree = "<group>"; };
		15AC934B2113995400603A19 /* GoogleService-Info.plist */ = {isa = PBXFileReference; fileEncoding = 4; lastKnownFileType = text.plist.xml; path = "GoogleService-Info.plist"; sourceTree = "<group>"; };
		15AC934D21139DC700603A19 /* CountryCode.swift */ = {isa = PBXFileReference; fileEncoding = 4; lastKnownFileType = sourcecode.swift; path = CountryCode.swift; sourceTree = "<group>"; };
		15AC934E21139DC800603A19 /* HelperFunctions.swift */ = {isa = PBXFileReference; fileEncoding = 4; lastKnownFileType = sourcecode.swift; path = HelperFunctions.swift; sourceTree = "<group>"; };
		15AC934F21139DC800603A19 /* Camera.swift */ = {isa = PBXFileReference; fileEncoding = 4; lastKnownFileType = sourcecode.swift; path = Camera.swift; sourceTree = "<group>"; };
		15AC935021139DC900603A19 /* Constants.swift */ = {isa = PBXFileReference; fileEncoding = 4; lastKnownFileType = sourcecode.swift; path = Constants.swift; sourceTree = "<group>"; };
		15AC935121139DCA00603A19 /* FCollectionReference.swift */ = {isa = PBXFileReference; fileEncoding = 4; lastKnownFileType = sourcecode.swift; path = FCollectionReference.swift; sourceTree = "<group>"; };
		15AC935221139DCB00603A19 /* FUser.swift */ = {isa = PBXFileReference; fileEncoding = 4; lastKnownFileType = sourcecode.swift; path = FUser.swift; sourceTree = "<group>"; };
		345C5FEB2E51FA89495F84F3 /* Pods-ChatterBox.debug.xcconfig */ = {isa = PBXFileReference; includeInIndex = 1; lastKnownFileType = text.xcconfig; name = "Pods-ChatterBox.debug.xcconfig"; path = "Pods/Target Support Files/Pods-ChatterBox/Pods-ChatterBox.debug.xcconfig"; sourceTree = "<group>"; };
		815AE5822D9F45BB19EA55A5 /* Pods_ChatterBox.framework */ = {isa = PBXFileReference; explicitFileType = wrapper.framework; includeInIndex = 0; path = Pods_ChatterBox.framework; sourceTree = BUILT_PRODUCTS_DIR; };
		A7434071D8C7A2EA1DE356C0 /* Pods-ChatterBox.release.xcconfig */ = {isa = PBXFileReference; includeInIndex = 1; lastKnownFileType = text.xcconfig; name = "Pods-ChatterBox.release.xcconfig"; path = "Pods/Target Support Files/Pods-ChatterBox/Pods-ChatterBox.release.xcconfig"; sourceTree = "<group>"; };
/* End PBXFileReference section */

/* Begin PBXFrameworksBuildPhase section */
		15AC9331211384E800603A19 /* Frameworks */ = {
			isa = PBXFrameworksBuildPhase;
			buildActionMask = 2147483647;
			files = (
				0C18F9F02DD89DB709C97D63 /* Pods_ChatterBox.framework in Frameworks */,
			);
			runOnlyForDeploymentPostprocessing = 0;
		};
/* End PBXFrameworksBuildPhase section */

/* Begin PBXGroup section */
		156217F2211B88F5009A1284 /* view */ = {
			isa = PBXGroup;
			children = (
				15AC93492113892500603A19 /* WelcomeViewController.swift */,
				156217F0211B877A009A1284 /* FinishRegistrationViewController.swift */,
				15494A732129A44E0068F279 /* SettingsTableViewController.swift */,
				15856710212C9ED30067920F /* UserCell.swift */,
				1599CFAD21318B390053A2BC /* UsersTableViewController.swift */,
				155658992134807700C4E109 /* ChatsViewController.swift */,
			);
			path = view;
			sourceTree = "<group>";
		};
		15AC932B211384E800603A19 = {
			isa = PBXGroup;
			children = (
				15AC9336211384E800603A19 /* ChatterBox */,
				15AC9335211384E800603A19 /* Products */,
				183A0674C6056AE51B9D1F50 /* Pods */,
				5050DFCB7545A40BB3E62935 /* Frameworks */,
			);
			sourceTree = "<group>";
		};
		15AC9335211384E800603A19 /* Products */ = {
			isa = PBXGroup;
			children = (
				15AC9334211384E800603A19 /* ChatterBox.app */,
			);
			name = Products;
			sourceTree = "<group>";
		};
		15AC9336211384E800603A19 /* ChatterBox */ = {
			isa = PBXGroup;
			children = (
				15AC935B2113A2ED00603A19 /* supporting files */,
				15AC935A21139DF600603A19 /* utils */,
				15AC935921139DDA00603A19 /* model */,
				15AC9337211384E800603A19 /* AppDelegate.swift */,
				15AC935021139DC900603A19 /* Constants.swift */,
				15AC933B211384E800603A19 /* Main.storyboard */,
				15AC9340211384E900603A19 /* LaunchScreen.storyboard */,
				156217F2211B88F5009A1284 /* view */,
			);
			path = ChatterBox;
			sourceTree = "<group>";
		};
		15AC935921139DDA00603A19 /* model */ = {
			isa = PBXGroup;
			children = (
				15AC935121139DCA00603A19 /* FCollectionReference.swift */,
				15AC935221139DCB00603A19 /* FUser.swift */,
			);
			path = model;
			sourceTree = "<group>";
		};
		15AC935A21139DF600603A19 /* utils */ = {
			isa = PBXGroup;
			children = (
				15AC934F21139DC800603A19 /* Camera.swift */,
				15AC934D21139DC700603A19 /* CountryCode.swift */,
				15AC934E21139DC800603A19 /* HelperFunctions.swift */,
			);
			path = utils;
			sourceTree = "<group>";
		};
		15AC935B2113A2ED00603A19 /* supporting files */ = {
			isa = PBXGroup;
			children = (
				15AC933E211384E900603A19 /* Assets.xcassets */,
				15AC9343211384E900603A19 /* Info.plist */,
				15AC934B2113995400603A19 /* GoogleService-Info.plist */,
			);
			path = "supporting files";
			sourceTree = "<group>";
		};
		183A0674C6056AE51B9D1F50 /* Pods */ = {
			isa = PBXGroup;
			children = (
				345C5FEB2E51FA89495F84F3 /* Pods-ChatterBox.debug.xcconfig */,
				A7434071D8C7A2EA1DE356C0 /* Pods-ChatterBox.release.xcconfig */,
			);
			name = Pods;
			sourceTree = "<group>";
		};
		5050DFCB7545A40BB3E62935 /* Frameworks */ = {
			isa = PBXGroup;
			children = (
				815AE5822D9F45BB19EA55A5 /* Pods_ChatterBox.framework */,
			);
			name = Frameworks;
			sourceTree = "<group>";
		};
/* End PBXGroup section */

/* Begin PBXNativeTarget section */
		15AC9333211384E800603A19 /* ChatterBox */ = {
			isa = PBXNativeTarget;
			buildConfigurationList = 15AC9346211384E900603A19 /* Build configuration list for PBXNativeTarget "ChatterBox" */;
			buildPhases = (
				B2BB0914A9BD2A2C5128E9AA /* [CP] Check Pods Manifest.lock */,
				15AC9330211384E800603A19 /* Sources */,
				15AC9331211384E800603A19 /* Frameworks */,
				15AC9332211384E800603A19 /* Resources */,
				F64132423557BE12AB45A408 /* [CP] Embed Pods Frameworks */,
			);
			buildRules = (
			);
			dependencies = (
			);
			name = ChatterBox;
			productName = ChatterBox;
			productReference = 15AC9334211384E800603A19 /* ChatterBox.app */;
			productType = "com.apple.product-type.application";
		};
/* End PBXNativeTarget section */

/* Begin PBXProject section */
		15AC932C211384E800603A19 /* Project object */ = {
			isa = PBXProject;
			attributes = {
				LastSwiftUpdateCheck = 0940;
				LastUpgradeCheck = 0940;
				ORGANIZATIONNAME = Draadkar;
				TargetAttributes = {
					15AC9333211384E800603A19 = {
						CreatedOnToolsVersion = 9.4.1;
					};
				};
			};
			buildConfigurationList = 15AC932F211384E800603A19 /* Build configuration list for PBXProject "ChatterBox" */;
			compatibilityVersion = "Xcode 9.3";
			developmentRegion = en;
			hasScannedForEncodings = 0;
			knownRegions = (
				en,
				Base,
			);
			mainGroup = 15AC932B211384E800603A19;
			productRefGroup = 15AC9335211384E800603A19 /* Products */;
			projectDirPath = "";
			projectRoot = "";
			targets = (
				15AC9333211384E800603A19 /* ChatterBox */,
			);
		};
/* End PBXProject section */

/* Begin PBXResourcesBuildPhase section */
		15AC9332211384E800603A19 /* Resources */ = {
			isa = PBXResourcesBuildPhase;
			buildActionMask = 2147483647;
			files = (
				15AC9342211384E900603A19 /* LaunchScreen.storyboard in Resources */,
				15AC934C2113995400603A19 /* GoogleService-Info.plist in Resources */,
				15AC933F211384E900603A19 /* Assets.xcassets in Resources */,
				15AC933D211384E800603A19 /* Main.storyboard in Resources */,
			);
			runOnlyForDeploymentPostprocessing = 0;
		};
/* End PBXResourcesBuildPhase section */

/* Begin PBXShellScriptBuildPhase section */
		B2BB0914A9BD2A2C5128E9AA /* [CP] Check Pods Manifest.lock */ = {
			isa = PBXShellScriptBuildPhase;
			buildActionMask = 2147483647;
			files = (
			);
			inputPaths = (
				"${PODS_PODFILE_DIR_PATH}/Podfile.lock",
				"${PODS_ROOT}/Manifest.lock",
			);
			name = "[CP] Check Pods Manifest.lock";
			outputPaths = (
				"$(DERIVED_FILE_DIR)/Pods-ChatterBox-checkManifestLockResult.txt",
			);
			runOnlyForDeploymentPostprocessing = 0;
			shellPath = /bin/sh;
			shellScript = "diff \"${PODS_PODFILE_DIR_PATH}/Podfile.lock\" \"${PODS_ROOT}/Manifest.lock\" > /dev/null\nif [ $? != 0 ] ; then\n    # print error to STDERR\n    echo \"error: The sandbox is not in sync with the Podfile.lock. Run 'pod install' or update your CocoaPods installation.\" >&2\n    exit 1\nfi\n# This output is used by Xcode 'outputs' to avoid re-running this script phase.\necho \"SUCCESS\" > \"${SCRIPT_OUTPUT_FILE_0}\"\n";
			showEnvVarsInLog = 0;
		};
		F64132423557BE12AB45A408 /* [CP] Embed Pods Frameworks */ = {
			isa = PBXShellScriptBuildPhase;
			buildActionMask = 2147483647;
			files = (
			);
			inputPaths = (
				"${SRCROOT}/Pods/Target Support Files/Pods-ChatterBox/Pods-ChatterBox-frameworks.sh",
				"${BUILT_PRODUCTS_DIR}/BoringSSL/openssl.framework",
				"${BUILT_PRODUCTS_DIR}/DACircularProgress/DACircularProgress.framework",
				"${BUILT_PRODUCTS_DIR}/GTMSessionFetcher/GTMSessionFetcher.framework",
				"${BUILT_PRODUCTS_DIR}/GoogleToolboxForMac/GoogleToolboxForMac.framework",
				"${BUILT_PRODUCTS_DIR}/IDMPhotoBrowser/IDMPhotoBrowser.framework",
				"${BUILT_PRODUCTS_DIR}/IQAudioRecorderController/IQAudioRecorderController.framework",
				"${BUILT_PRODUCTS_DIR}/ImagePicker/ImagePicker.framework",
				"${BUILT_PRODUCTS_DIR}/JSQMessagesViewController/JSQMessagesViewController.framework",
				"${BUILT_PRODUCTS_DIR}/JSQSystemSoundPlayer/JSQSystemSoundPlayer.framework",
				"${BUILT_PRODUCTS_DIR}/MBProgressHUD/MBProgressHUD.framework",
				"${BUILT_PRODUCTS_DIR}/ProgressHUD/ProgressHUD.framework",
				"${BUILT_PRODUCTS_DIR}/Protobuf/Protobuf.framework",
				"${BUILT_PRODUCTS_DIR}/SCSiriWaveformView/SCSiriWaveformView.framework",
				"${BUILT_PRODUCTS_DIR}/SDWebImage/SDWebImage.framework",
				"${BUILT_PRODUCTS_DIR}/gRPC/GRPCClient.framework",
				"${BUILT_PRODUCTS_DIR}/gRPC-Core/grpc.framework",
				"${BUILT_PRODUCTS_DIR}/gRPC-ProtoRPC/ProtoRPC.framework",
				"${BUILT_PRODUCTS_DIR}/gRPC-RxLibrary/RxLibrary.framework",
				"${BUILT_PRODUCTS_DIR}/leveldb-library/leveldb.framework",
				"${BUILT_PRODUCTS_DIR}/nanopb/nanopb.framework",
				"${BUILT_PRODUCTS_DIR}/pop/pop.framework",
			);
			name = "[CP] Embed Pods Frameworks";
			outputPaths = (
				"${TARGET_BUILD_DIR}/${FRAMEWORKS_FOLDER_PATH}/openssl.framework",
				"${TARGET_BUILD_DIR}/${FRAMEWORKS_FOLDER_PATH}/DACircularProgress.framework",
				"${TARGET_BUILD_DIR}/${FRAMEWORKS_FOLDER_PATH}/GTMSessionFetcher.framework",
				"${TARGET_BUILD_DIR}/${FRAMEWORKS_FOLDER_PATH}/GoogleToolboxForMac.framework",
				"${TARGET_BUILD_DIR}/${FRAMEWORKS_FOLDER_PATH}/IDMPhotoBrowser.framework",
				"${TARGET_BUILD_DIR}/${FRAMEWORKS_FOLDER_PATH}/IQAudioRecorderController.framework",
				"${TARGET_BUILD_DIR}/${FRAMEWORKS_FOLDER_PATH}/ImagePicker.framework",
				"${TARGET_BUILD_DIR}/${FRAMEWORKS_FOLDER_PATH}/JSQMessagesViewController.framework",
				"${TARGET_BUILD_DIR}/${FRAMEWORKS_FOLDER_PATH}/JSQSystemSoundPlayer.framework",
				"${TARGET_BUILD_DIR}/${FRAMEWORKS_FOLDER_PATH}/MBProgressHUD.framework",
				"${TARGET_BUILD_DIR}/${FRAMEWORKS_FOLDER_PATH}/ProgressHUD.framework",
				"${TARGET_BUILD_DIR}/${FRAMEWORKS_FOLDER_PATH}/Protobuf.framework",
				"${TARGET_BUILD_DIR}/${FRAMEWORKS_FOLDER_PATH}/SCSiriWaveformView.framework",
				"${TARGET_BUILD_DIR}/${FRAMEWORKS_FOLDER_PATH}/SDWebImage.framework",
				"${TARGET_BUILD_DIR}/${FRAMEWORKS_FOLDER_PATH}/GRPCClient.framework",
				"${TARGET_BUILD_DIR}/${FRAMEWORKS_FOLDER_PATH}/grpc.framework",
				"${TARGET_BUILD_DIR}/${FRAMEWORKS_FOLDER_PATH}/ProtoRPC.framework",
				"${TARGET_BUILD_DIR}/${FRAMEWORKS_FOLDER_PATH}/RxLibrary.framework",
				"${TARGET_BUILD_DIR}/${FRAMEWORKS_FOLDER_PATH}/leveldb.framework",
				"${TARGET_BUILD_DIR}/${FRAMEWORKS_FOLDER_PATH}/nanopb.framework",
				"${TARGET_BUILD_DIR}/${FRAMEWORKS_FOLDER_PATH}/pop.framework",
			);
			runOnlyForDeploymentPostprocessing = 0;
			shellPath = /bin/sh;
			shellScript = "\"${SRCROOT}/Pods/Target Support Files/Pods-ChatterBox/Pods-ChatterBox-frameworks.sh\"\n";
			showEnvVarsInLog = 0;
		};
/* End PBXShellScriptBuildPhase section */

/* Begin PBXSourcesBuildPhase section */
		15AC9330211384E800603A19 /* Sources */ = {
			isa = PBXSourcesBuildPhase;
			buildActionMask = 2147483647;
			files = (
				15AC9338211384E800603A19 /* AppDelegate.swift in Sources */,
				15AC935521139DCC00603A19 /* Camera.swift in Sources */,
				1599CFAE21318B390053A2BC /* UsersTableViewController.swift in Sources */,
				15AC935421139DCC00603A19 /* HelperFunctions.swift in Sources */,
				1556589A2134807700C4E109 /* ChatsViewController.swift in Sources */,
				15AC935821139DCC00603A19 /* FUser.swift in Sources */,
				15AC934A2113892500603A19 /* WelcomeViewController.swift in Sources */,
				15AC935321139DCC00603A19 /* CountryCode.swift in Sources */,
				15494A742129A44E0068F279 /* SettingsTableViewController.swift in Sources */,
				156217F1211B877A009A1284 /* FinishRegistrationViewController.swift in Sources */,
				15AC935721139DCC00603A19 /* FCollectionReference.swift in Sources */,
				15856711212C9ED30067920F /* UserCell.swift in Sources */,
				15AC935621139DCC00603A19 /* Constants.swift in Sources */,
			);
			runOnlyForDeploymentPostprocessing = 0;
		};
/* End PBXSourcesBuildPhase section */

/* Begin PBXVariantGroup section */
		15AC933B211384E800603A19 /* Main.storyboard */ = {
			isa = PBXVariantGroup;
			children = (
				15AC933C211384E800603A19 /* Base */,
			);
			name = Main.storyboard;
			sourceTree = "<group>";
		};
		15AC9340211384E900603A19 /* LaunchScreen.storyboard */ = {
			isa = PBXVariantGroup;
			children = (
				15AC9341211384E900603A19 /* Base */,
			);
			name = LaunchScreen.storyboard;
			sourceTree = "<group>";
		};
/* End PBXVariantGroup section */

/* Begin XCBuildConfiguration section */
		15AC9344211384E900603A19 /* Debug */ = {
			isa = XCBuildConfiguration;
			buildSettings = {
				ALWAYS_SEARCH_USER_PATHS = NO;
				CLANG_ANALYZER_NONNULL = YES;
				CLANG_ANALYZER_NUMBER_OBJECT_CONVERSION = YES_AGGRESSIVE;
				CLANG_CXX_LANGUAGE_STANDARD = "gnu++14";
				CLANG_CXX_LIBRARY = "libc++";
				CLANG_ENABLE_MODULES = YES;
				CLANG_ENABLE_OBJC_ARC = YES;
				CLANG_ENABLE_OBJC_WEAK = YES;
				CLANG_WARN_BLOCK_CAPTURE_AUTORELEASING = YES;
				CLANG_WARN_BOOL_CONVERSION = YES;
				CLANG_WARN_COMMA = YES;
				CLANG_WARN_CONSTANT_CONVERSION = YES;
				CLANG_WARN_DEPRECATED_OBJC_IMPLEMENTATIONS = YES;
				CLANG_WARN_DIRECT_OBJC_ISA_USAGE = YES_ERROR;
				CLANG_WARN_DOCUMENTATION_COMMENTS = YES;
				CLANG_WARN_EMPTY_BODY = YES;
				CLANG_WARN_ENUM_CONVERSION = YES;
				CLANG_WARN_INFINITE_RECURSION = YES;
				CLANG_WARN_INT_CONVERSION = YES;
				CLANG_WARN_NON_LITERAL_NULL_CONVERSION = YES;
				CLANG_WARN_OBJC_IMPLICIT_RETAIN_SELF = YES;
				CLANG_WARN_OBJC_LITERAL_CONVERSION = YES;
				CLANG_WARN_OBJC_ROOT_CLASS = YES_ERROR;
				CLANG_WARN_RANGE_LOOP_ANALYSIS = YES;
				CLANG_WARN_STRICT_PROTOTYPES = YES;
				CLANG_WARN_SUSPICIOUS_MOVE = YES;
				CLANG_WARN_UNGUARDED_AVAILABILITY = YES_AGGRESSIVE;
				CLANG_WARN_UNREACHABLE_CODE = YES;
				CLANG_WARN__DUPLICATE_METHOD_MATCH = YES;
				CODE_SIGN_IDENTITY = "iPhone Developer";
				COPY_PHASE_STRIP = NO;
				DEBUG_INFORMATION_FORMAT = dwarf;
				ENABLE_STRICT_OBJC_MSGSEND = YES;
				ENABLE_TESTABILITY = YES;
				GCC_C_LANGUAGE_STANDARD = gnu11;
				GCC_DYNAMIC_NO_PIC = NO;
				GCC_NO_COMMON_BLOCKS = YES;
				GCC_OPTIMIZATION_LEVEL = 0;
				GCC_PREPROCESSOR_DEFINITIONS = (
					"DEBUG=1",
					"$(inherited)",
				);
				GCC_WARN_64_TO_32_BIT_CONVERSION = YES;
				GCC_WARN_ABOUT_RETURN_TYPE = YES_ERROR;
				GCC_WARN_UNDECLARED_SELECTOR = YES;
				GCC_WARN_UNINITIALIZED_AUTOS = YES_AGGRESSIVE;
				GCC_WARN_UNUSED_FUNCTION = YES;
				GCC_WARN_UNUSED_VARIABLE = YES;
				IPHONEOS_DEPLOYMENT_TARGET = 11.4;
				MTL_ENABLE_DEBUG_INFO = YES;
				ONLY_ACTIVE_ARCH = YES;
				SDKROOT = iphoneos;
				SWIFT_ACTIVE_COMPILATION_CONDITIONS = DEBUG;
				SWIFT_OPTIMIZATION_LEVEL = "-Onone";
			};
			name = Debug;
		};
		15AC9345211384E900603A19 /* Release */ = {
			isa = XCBuildConfiguration;
			buildSettings = {
				ALWAYS_SEARCH_USER_PATHS = NO;
				CLANG_ANALYZER_NONNULL = YES;
				CLANG_ANALYZER_NUMBER_OBJECT_CONVERSION = YES_AGGRESSIVE;
				CLANG_CXX_LANGUAGE_STANDARD = "gnu++14";
				CLANG_CXX_LIBRARY = "libc++";
				CLANG_ENABLE_MODULES = YES;
				CLANG_ENABLE_OBJC_ARC = YES;
				CLANG_ENABLE_OBJC_WEAK = YES;
				CLANG_WARN_BLOCK_CAPTURE_AUTORELEASING = YES;
				CLANG_WARN_BOOL_CONVERSION = YES;
				CLANG_WARN_COMMA = YES;
				CLANG_WARN_CONSTANT_CONVERSION = YES;
				CLANG_WARN_DEPRECATED_OBJC_IMPLEMENTATIONS = YES;
				CLANG_WARN_DIRECT_OBJC_ISA_USAGE = YES_ERROR;
				CLANG_WARN_DOCUMENTATION_COMMENTS = YES;
				CLANG_WARN_EMPTY_BODY = YES;
				CLANG_WARN_ENUM_CONVERSION = YES;
				CLANG_WARN_INFINITE_RECURSION = YES;
				CLANG_WARN_INT_CONVERSION = YES;
				CLANG_WARN_NON_LITERAL_NULL_CONVERSION = YES;
				CLANG_WARN_OBJC_IMPLICIT_RETAIN_SELF = YES;
				CLANG_WARN_OBJC_LITERAL_CONVERSION = YES;
				CLANG_WARN_OBJC_ROOT_CLASS = YES_ERROR;
				CLANG_WARN_RANGE_LOOP_ANALYSIS = YES;
				CLANG_WARN_STRICT_PROTOTYPES = YES;
				CLANG_WARN_SUSPICIOUS_MOVE = YES;
				CLANG_WARN_UNGUARDED_AVAILABILITY = YES_AGGRESSIVE;
				CLANG_WARN_UNREACHABLE_CODE = YES;
				CLANG_WARN__DUPLICATE_METHOD_MATCH = YES;
				CODE_SIGN_IDENTITY = "iPhone Developer";
				COPY_PHASE_STRIP = NO;
				DEBUG_INFORMATION_FORMAT = "dwarf-with-dsym";
				ENABLE_NS_ASSERTIONS = NO;
				ENABLE_STRICT_OBJC_MSGSEND = YES;
				GCC_C_LANGUAGE_STANDARD = gnu11;
				GCC_NO_COMMON_BLOCKS = YES;
				GCC_WARN_64_TO_32_BIT_CONVERSION = YES;
				GCC_WARN_ABOUT_RETURN_TYPE = YES_ERROR;
				GCC_WARN_UNDECLARED_SELECTOR = YES;
				GCC_WARN_UNINITIALIZED_AUTOS = YES_AGGRESSIVE;
				GCC_WARN_UNUSED_FUNCTION = YES;
				GCC_WARN_UNUSED_VARIABLE = YES;
				IPHONEOS_DEPLOYMENT_TARGET = 11.4;
				MTL_ENABLE_DEBUG_INFO = NO;
				SDKROOT = iphoneos;
				SWIFT_COMPILATION_MODE = wholemodule;
				SWIFT_OPTIMIZATION_LEVEL = "-O";
				VALIDATE_PRODUCT = YES;
			};
			name = Release;
		};
		15AC9347211384E900603A19 /* Debug */ = {
			isa = XCBuildConfiguration;
			baseConfigurationReference = 345C5FEB2E51FA89495F84F3 /* Pods-ChatterBox.debug.xcconfig */;
			buildSettings = {
				ASSETCATALOG_COMPILER_APPICON_NAME = AppIcon;
				CODE_SIGN_STYLE = Automatic;
				DEVELOPMENT_TEAM = RJWGN5MLFH;
				INFOPLIST_FILE = "ChatterBox/supporting files/Info.plist";
				LD_RUNPATH_SEARCH_PATHS = (
					"$(inherited)",
					"@executable_path/Frameworks",
				);
				PRODUCT_BUNDLE_IDENTIFIER = com.draadkar.ChatterBox;
				PRODUCT_NAME = "$(TARGET_NAME)";
				SWIFT_VERSION = 4.0;
				TARGETED_DEVICE_FAMILY = 1;
			};
			name = Debug;
		};
		15AC9348211384E900603A19 /* Release */ = {
			isa = XCBuildConfiguration;
			baseConfigurationReference = A7434071D8C7A2EA1DE356C0 /* Pods-ChatterBox.release.xcconfig */;
			buildSettings = {
				ASSETCATALOG_COMPILER_APPICON_NAME = AppIcon;
				CODE_SIGN_STYLE = Automatic;
				DEVELOPMENT_TEAM = RJWGN5MLFH;
				INFOPLIST_FILE = "ChatterBox/supporting files/Info.plist";
				LD_RUNPATH_SEARCH_PATHS = (
					"$(inherited)",
					"@executable_path/Frameworks",
				);
				PRODUCT_BUNDLE_IDENTIFIER = com.draadkar.ChatterBox;
				PRODUCT_NAME = "$(TARGET_NAME)";
				SWIFT_VERSION = 4.0;
				TARGETED_DEVICE_FAMILY = 1;
			};
			name = Release;
		};
/* End XCBuildConfiguration section */

/* Begin XCConfigurationList section */
		15AC932F211384E800603A19 /* Build configuration list for PBXProject "ChatterBox" */ = {
			isa = XCConfigurationList;
			buildConfigurations = (
				15AC9344211384E900603A19 /* Debug */,
				15AC9345211384E900603A19 /* Release */,
			);
			defaultConfigurationIsVisible = 0;
			defaultConfigurationName = Release;
		};
		15AC9346211384E900603A19 /* Build configuration list for PBXNativeTarget "ChatterBox" */ = {
			isa = XCConfigurationList;
			buildConfigurations = (
				15AC9347211384E900603A19 /* Debug */,
				15AC9348211384E900603A19 /* Release */,
			);
			defaultConfigurationIsVisible = 0;
			defaultConfigurationName = Release;
		};
/* End XCConfigurationList section */
	};
	rootObject = 15AC932C211384E800603A19 /* Project object */;
}
